
Microsoft Visual Studio Solution File, Format Version 11.00
# Visual Studio 2010
Project("{FAE04EC0-301F-11D3-BF4B-00C04F79EFBC}") = "wlw-highlighter", "wlw-highlighter\wlw-highlighter.csproj", "{DA68645F-160C-48F3-AE8C-C9FFCA4CC3FE}"
EndProject
Global
	GlobalSection(SolutionConfigurationPlatforms) = preSolution
		Debug|Any CPU = Debug|Any CPU
		Release|Any CPU = Release|Any CPU
	EndGlobalSection
	GlobalSection(ProjectConfigurationPlatforms) = postSolution
		{DA68645F-160C-48F3-AE8C-C9FFCA4CC3FE}.Debug|Any CPU.ActiveCfg = Debug|Any CPU
		{DA68645F-160C-48F3-AE8C-C9FFCA4CC3FE}.Debug|Any CPU.Build.0 = Debug|Any CPU
		{DA68645F-160C-48F3-AE8C-C9FFCA4CC3FE}.Release|Any CPU.ActiveCfg = Release|Any CPU
		{DA68645F-160C-48F3-AE8C-C9FFCA4CC3FE}.Release|Any CPU.Build.0 = Release|Any CPU
	EndGlobalSection
	GlobalSection(SolutionProperties) = preSolution
		HideSolutionNode = FALSE
	EndGlobalSection
EndGlobal
